
Microsoft Visual Studio Solution File, Format Version 12.00
# Visual Studio Version 16
VisualStudioVersion = 16.0.31229.75
MinimumVisualStudioVersion = 10.0.40219.1
Project("{FAE04EC0-301F-11D3-BF4B-00C04F79EFBC}") = "Lab01_02_DBConnection", "Lab01_02_DBConnection\Lab01_02_DBConnection.csproj", "{2568DB30-0C2F-41F8-B5A9-43BD639CDA93}"
EndProject
Project("{FAE04EC0-301F-11D3-BF4B-00C04F79EFBC}") = "Lab03_DSConnect", "Lab03_DSConnect\Lab03_DSConnect.csproj", "{9157E0A7-90A4-402A-96D6-BDA4E77CF081}"
EndProject
Project("{FAE04EC0-301F-11D3-BF4B-00C04F79EFBC}") = "Lab03_ DBCommand", "Lab03_ DBCommand\Lab03_ DBCommand.csproj", "{607947B2-6BEE-47E5-9071-391A3740ACC9}"
EndProject
Project("{FAE04EC0-301F-11D3-BF4B-00C04F79EFBC}") = "Lab04_ DatasetDesigner", "Lab04_ DatasetDesigner\Lab04_ DatasetDesigner.csproj", "{1932D52E-8147-4CCF-89A6-7FA67208312D}"
EndProject
Project("{FAE04EC0-301F-11D3-BF4B-00C04F79EFBC}") = "Lab04_CreatingDataTable", "Lab04_CreatingDataTable\Lab04_CreatingDataTable.csproj", "{7E6F6905-ABB4-4F90-9B1E-1796D973DCF5}"
EndProject
Project("{FAE04EC0-301F-11D3-BF4B-00C04F79EFBC}") = "Lab04_DataAdapterWizard", "Lab04_DataAdapterWizard\Lab04_DataAdapterWizard.csproj", "{4F3852D9-3CA0-4E74-84AD-2338CC074317}"
EndProject
Project("{FAE04EC0-301F-11D3-BF4B-00C04F79EFBC}") = "Lab04_ DataAdapterProgram", "Lab04_ DataAdapterProgram\Lab04_ DataAdapterProgram.csproj", "{9F34D4CA-FE6B-4F37-89ED-1FF3F7693039}"
EndProject
Project("{FAE04EC0-301F-11D3-BF4B-00C04F79EFBC}") = "Lab04_WorkingDataTable", "Lab04_WorkingDataTable\Lab04_WorkingDataTable.csproj", "{D052F347-6313-4C08-A25C-CC0DFEDD7F65}"
EndProject
Project("{FAE04EC0-301F-11D3-BF4B-00C04F79EFBC}") = "Lab04_TableDataViewExample", "Lab04_TableDataViewExample\Lab04_TableDataViewExample.csproj", "{A088C83D-1947-4807-BF95-202C94E53DED}"
EndProject
Project("{FAE04EC0-301F-11D3-BF4B-00C04F79EFBC}") = "Lab05_DataSourcesWizard", "Lab05_DataSourcesWizard\Lab05_DataSourcesWizard.csproj", "{2ADD6D97-4613-44D4-8D3E-BAD8458866EA}"
EndProject
Project("{FAE04EC0-301F-11D3-BF4B-00C04F79EFBC}") = "Lab05_DataBindingSimple", "Lab05_DataBindingSimple\Lab05_DataBindingSimple.csproj", "{F29F546F-C2EC-4C8D-9DF4-5AA25A08C76F}"
EndProject
Project("{FAE04EC0-301F-11D3-BF4B-00C04F79EFBC}") = "Lab05_DataBindingComplex", "Lab05_DataBindingComplex\Lab05_DataBindingComplex.csproj", "{82B787CA-439C-49A1-AC5D-E949820CB1D9}"
EndProject
Project("{FAE04EC0-301F-11D3-BF4B-00C04F79EFBC}") = "Lab05_DataGridViewExample", "Lab05_DataGridViewExample\Lab05_DataGridViewExample.csproj", "{2D9E6756-C39A-4C73-B1F2-C5B4A65F66D4}"
EndProject
Project("{FAE04EC0-301F-11D3-BF4B-00C04F79EFBC}") = "Lab06_SavingDataSetXml", "Lab06_SavingDataSetXml\Lab06_SavingDataSetXml.csproj", "{73EC4D07-9018-4F26-B52F-D2A9BF5DEBDD}"
EndProject
Project("{FAE04EC0-301F-11D3-BF4B-00C04F79EFBC}") = "Lab06_LoadDataSetXml", "Lab06_LoadDataSetXml\Lab06_LoadDataSetXml.csproj", "{A3C5105F-95F9-477D-9F09-749193303242}"
EndProject
Global
	GlobalSection(SolutionConfigurationPlatforms) = preSolution
		Debug|Any CPU = Debug|Any CPU
		Release|Any CPU = Release|Any CPU
	EndGlobalSection
	GlobalSection(ProjectConfigurationPlatforms) = postSolution
		{2568DB30-0C2F-41F8-B5A9-43BD639CDA93}.Debug|Any CPU.ActiveCfg = Debug|Any CPU
		{2568DB30-0C2F-41F8-B5A9-43BD639CDA93}.Debug|Any CPU.Build.0 = Debug|Any CPU
		{2568DB30-0C2F-41F8-B5A9-43BD639CDA93}.Release|Any CPU.ActiveCfg = Release|Any CPU
		{2568DB30-0C2F-41F8-B5A9-43BD639CDA93}.Release|Any CPU.Build.0 = Release|Any CPU
		{9157E0A7-90A4-402A-96D6-BDA4E77CF081}.Debug|Any CPU.ActiveCfg = Debug|Any CPU
		{9157E0A7-90A4-402A-96D6-BDA4E77CF081}.Debug|Any CPU.Build.0 = Debug|Any CPU
		{9157E0A7-90A4-402A-96D6-BDA4E77CF081}.Release|Any CPU.ActiveCfg = Release|Any CPU
		{9157E0A7-90A4-402A-96D6-BDA4E77CF081}.Release|Any CPU.Build.0 = Release|Any CPU
		{607947B2-6BEE-47E5-9071-391A3740ACC9}.Debug|Any CPU.ActiveCfg = Debug|Any CPU
		{607947B2-6BEE-47E5-9071-391A3740ACC9}.Debug|Any CPU.Build.0 = Debug|Any CPU
		{607947B2-6BEE-47E5-9071-391A3740ACC9}.Release|Any CPU.ActiveCfg = Release|Any CPU
		{607947B2-6BEE-47E5-9071-391A3740ACC9}.Release|Any CPU.Build.0 = Release|Any CPU
		{1932D52E-8147-4CCF-89A6-7FA67208312D}.Debug|Any CPU.ActiveCfg = Debug|Any CPU
		{1932D52E-8147-4CCF-89A6-7FA67208312D}.Debug|Any CPU.Build.0 = Debug|Any CPU
		{1932D52E-8147-4CCF-89A6-7FA67208312D}.Release|Any CPU.ActiveCfg = Release|Any CPU
		{1932D52E-8147-4CCF-89A6-7FA67208312D}.Release|Any CPU.Build.0 = Release|Any CPU
		{7E6F6905-ABB4-4F90-9B1E-1796D973DCF5}.Debug|Any CPU.ActiveCfg = Debug|Any CPU
		{7E6F6905-ABB4-4F90-9B1E-1796D973DCF5}.Debug|Any CPU.Build.0 = Debug|Any CPU
		{7E6F6905-ABB4-4F90-9B1E-1796D973DCF5}.Release|Any CPU.ActiveCfg = Release|Any CPU
		{7E6F6905-ABB4-4F90-9B1E-1796D973DCF5}.Release|Any CPU.Build.0 = Release|Any CPU
		{4F3852D9-3CA0-4E74-84AD-2338CC074317}.Debug|Any CPU.ActiveCfg = Debug|Any CPU
		{4F3852D9-3CA0-4E74-84AD-2338CC074317}.Debug|Any CPU.Build.0 = Debug|Any CPU
		{4F3852D9-3CA0-4E74-84AD-2338CC074317}.Release|Any CPU.ActiveCfg = Release|Any CPU
		{4F3852D9-3CA0-4E74-84AD-2338CC074317}.Release|Any CPU.Build.0 = Release|Any CPU
		{9F34D4CA-FE6B-4F37-89ED-1FF3F7693039}.Debug|Any CPU.ActiveCfg = Debug|Any CPU
		{9F34D4CA-FE6B-4F37-89ED-1FF3F7693039}.Debug|Any CPU.Build.0 = Debug|Any CPU
		{9F34D4CA-FE6B-4F37-89ED-1FF3F7693039}.Release|Any CPU.ActiveCfg = Release|Any CPU
		{9F34D4CA-FE6B-4F37-89ED-1FF3F7693039}.Release|Any CPU.Build.0 = Release|Any CPU
		{D052F347-6313-4C08-A25C-CC0DFEDD7F65}.Debug|Any CPU.ActiveCfg = Debug|Any CPU
		{D052F347-6313-4C08-A25C-CC0DFEDD7F65}.Debug|Any CPU.Build.0 = Debug|Any CPU
		{D052F347-6313-4C08-A25C-CC0DFEDD7F65}.Release|Any CPU.ActiveCfg = Release|Any CPU
		{D052F347-6313-4C08-A25C-CC0DFEDD7F65}.Release|Any CPU.Build.0 = Release|Any CPU
		{A088C83D-1947-4807-BF95-202C94E53DED}.Debug|Any CPU.ActiveCfg = Debug|Any CPU
		{A088C83D-1947-4807-BF95-202C94E53DED}.Debug|Any CPU.Build.0 = Debug|Any CPU
		{A088C83D-1947-4807-BF95-202C94E53DED}.Release|Any CPU.ActiveCfg = Release|Any CPU
		{A088C83D-1947-4807-BF95-202C94E53DED}.Release|Any CPU.Build.0 = Release|Any CPU
		{2ADD6D97-4613-44D4-8D3E-BAD8458866EA}.Debug|Any CPU.ActiveCfg = Debug|Any CPU
		{2ADD6D97-4613-44D4-8D3E-BAD8458866EA}.Debug|Any CPU.Build.0 = Debug|Any CPU
		{2ADD6D97-4613-44D4-8D3E-BAD8458866EA}.Release|Any CPU.ActiveCfg = Release|Any CPU
		{2ADD6D97-4613-44D4-8D3E-BAD8458866EA}.Release|Any CPU.Build.0 = Release|Any CPU
		{F29F546F-C2EC-4C8D-9DF4-5AA25A08C76F}.Debug|Any CPU.ActiveCfg = Debug|Any CPU
		{F29F546F-C2EC-4C8D-9DF4-5AA25A08C76F}.Debug|Any CPU.Build.0 = Debug|Any CPU
		{F29F546F-C2EC-4C8D-9DF4-5AA25A08C76F}.Release|Any CPU.ActiveCfg = Release|Any CPU
		{F29F546F-C2EC-4C8D-9DF4-5AA25A08C76F}.Release|Any CPU.Build.0 = Release|Any CPU
		{82B787CA-439C-49A1-AC5D-E949820CB1D9}.Debug|Any CPU.ActiveCfg = Debug|Any CPU
		{82B787CA-439C-49A1-AC5D-E949820CB1D9}.Debug|Any CPU.Build.0 = Debug|Any CPU
		{82B787CA-439C-49A1-AC5D-E949820CB1D9}.Release|Any CPU.ActiveCfg = Release|Any CPU
		{82B787CA-439C-49A1-AC5D-E949820CB1D9}.Release|Any CPU.Build.0 = Release|Any CPU
		{2D9E6756-C39A-4C73-B1F2-C5B4A65F66D4}.Debug|Any CPU.ActiveCfg = Debug|Any CPU
		{2D9E6756-C39A-4C73-B1F2-C5B4A65F66D4}.Debug|Any CPU.Build.0 = Debug|Any CPU
		{2D9E6756-C39A-4C73-B1F2-C5B4A65F66D4}.Release|Any CPU.ActiveCfg = Release|Any CPU
		{2D9E6756-C39A-4C73-B1F2-C5B4A65F66D4}.Release|Any CPU.Build.0 = Release|Any CPU
		{73EC4D07-9018-4F26-B52F-D2A9BF5DEBDD}.Debug|Any CPU.ActiveCfg = Debug|Any CPU
		{73EC4D07-9018-4F26-B52F-D2A9BF5DEBDD}.Debug|Any CPU.Build.0 = Debug|Any CPU
		{73EC4D07-9018-4F26-B52F-D2A9BF5DEBDD}.Release|Any CPU.ActiveCfg = Release|Any CPU
		{73EC4D07-9018-4F26-B52F-D2A9BF5DEBDD}.Release|Any CPU.Build.0 = Release|Any CPU
		{A3C5105F-95F9-477D-9F09-749193303242}.Debug|Any CPU.ActiveCfg = Debug|Any CPU
		{A3C5105F-95F9-477D-9F09-749193303242}.Debug|Any CPU.Build.0 = Debug|Any CPU
		{A3C5105F-95F9-477D-9F09-749193303242}.Release|Any CPU.ActiveCfg = Release|Any CPU
		{A3C5105F-95F9-477D-9F09-749193303242}.Release|Any CPU.Build.0 = Release|Any CPU
	EndGlobalSection
	GlobalSection(SolutionProperties) = preSolution
		HideSolutionNode = FALSE
	EndGlobalSection
	GlobalSection(ExtensibilityGlobals) = postSolution
		SolutionGuid = {D331D8EB-4681-4558-9EF7-BA05CCF035F6}
	EndGlobalSection
EndGlobal
